
Microsoft Visual Studio Solution File, Format Version 12.00
# Visual Studio 15
VisualStudioVersion = 15.0.27004.2005
MinimumVisualStudioVersion = 10.0.40219.1
Project("{FAE04EC0-301F-11D3-BF4B-00C04F79EFBC}") = "aspnetapp", "aspnetapp\aspnetapp.csproj", "{39DFA554-A77E-4857-904E-C74C0EA27110}"
EndProject
Global
	GlobalSection(SolutionConfigurationPlatforms) = preSolution
		Debug|Any CPU = Debug|Any CPU
		Release|Any CPU = Release|Any CPU
	EndGlobalSection
	GlobalSection(ProjectConfigurationPlatforms) = postSolution
		{39DFA554-A77E-4857-904E-C74C0EA27110}.Debug|Any CPU.ActiveCfg = Debug|Any CPU
		{39DFA554-A77E-4857-904E-C74C0EA27110}.Debug|Any CPU.Build.0 = Debug|Any CPU
		{39DFA554-A77E-4857-904E-C74C0EA27110}.Release|Any CPU.ActiveCfg = Release|Any CPU
		{39DFA554-A77E-4857-904E-C74C0EA27110}.Release|Any CPU.Build.0 = Release|Any CPU
	EndGlobalSection
	GlobalSection(SolutionProperties) = preSolution
		HideSolutionNode = FALSE
	EndGlobalSection
	GlobalSection(ExtensibilityGlobals) = postSolution
		SolutionGuid = {B0A11358-1413-46B3-8198-048B70C5F31D}
	EndGlobalSection
EndGlobal
